PODS:
  - ASMScaleKit (0.1.3):
    - ASMScaleKit/Core (= 0.1.3)
    - ASMScaleKit/Withings (= 0.1.3)
  - ASMScaleKit/Core (0.1.3)
  - ASMScaleKit/Withings (0.1.3):
    - ASMScaleKit/Core
  - Expecta (0.3.1)
  - Specta (0.2.1)

DEPENDENCIES:
  - ASMScaleKit (from `../`)
  - Expecta
  - Specta (~> 0.2.1)

EXTERNAL SOURCES:
  ASMScaleKit:
    :path: "../"

SPEC CHECKSUMS:
  ASMScaleKit: 2c9fee64ceda598ad5630dd55fe9c243c1b43c4d
  Expecta: a354d4633409dd9fe8c4f5ff5130426adbe31628
  Specta: 15a276a6343867b426d5ed135d5aa4d04123a573

PODFILE CHECKSUM: a947b8130fa46e2427c7ecae3c00c845912abb4b

COCOAPODS: 1.0.1
